// !$*UTF8*$!
{
	archiveVersion = 1;
	classes = {
	};
	objectVersion = 55;
	objects = {

/* Begin PBXBuildFile section */
		DD0106342800A2E50068EAFB /* ButtonStyle.swift in Sources */ = {isa = PBXBuildFile; fileRef = DD0106332800A2E50068EAFB /* ButtonStyle.swift */; };
		DD0106372800ACA40068EAFB /* ModelReview.swift in Sources */ = {isa = PBXBuildFile; fileRef = DD0106362800ACA40068EAFB /* ModelReview.swift */; };
		DD8EE5112800327F0002439F /* MainViewController.swift in Sources */ = {isa = PBXBuildFile; fileRef = DD8EE5102800327F0002439F /* MainViewController.swift */; };
		DD8EE5152800339C0002439F /* CriticsViewController.swift in Sources */ = {isa = PBXBuildFile; fileRef = DD8EE5142800339C0002439F /* CriticsViewController.swift */; };
		DD8EE517280053820002439F /* ReviewViewCell.swift in Sources */ = {isa = PBXBuildFile; fileRef = DD8EE516280053820002439F /* ReviewViewCell.swift */; };
		DD8EE5192800551B0002439F /* StorageData.swift in Sources */ = {isa = PBXBuildFile; fileRef = DD8EE5182800551B0002439F /* StorageData.swift */; };
		DDA8BAD82801B1BF0014BA9E /* CriticViewCell.swift in Sources */ = {isa = PBXBuildFile; fileRef = DDA8BAD72801B1BF0014BA9E /* CriticViewCell.swift */; };
		DDA8BADA2801C10A0014BA9E /* ModelCritics.swift in Sources */ = {isa = PBXBuildFile; fileRef = DDA8BAD92801C10A0014BA9E /* ModelCritics.swift */; };
		DDA8BADD280455510014BA9E /* ProfileViewController.swift in Sources */ = {isa = PBXBuildFile; fileRef = DDA8BADC280455510014BA9E /* ProfileViewController.swift */; };
		DDA8BAE12805ECEC0014BA9E /* ProfileViewCell.swift in Sources */ = {isa = PBXBuildFile; fileRef = DDA8BAE02805ECEC0014BA9E /* ProfileViewCell.swift */; };
		DDA8BAE328061D330014BA9E /* TextFiedSearch.swift in Sources */ = {isa = PBXBuildFile; fileRef = DDA8BAE228061D330014BA9E /* TextFiedSearch.swift */; };
		DDA8BAE628069FDE0014BA9E /* SearchFormate.swift in Sources */ = {isa = PBXBuildFile; fileRef = DDA8BAE528069FDE0014BA9E /* SearchFormate.swift */; };
		DDBF64AA27FF186400E65273 /* AppDelegate.swift in Sources */ = {isa = PBXBuildFile; fileRef = DDBF64A927FF186400E65273 /* AppDelegate.swift */; };
		DDBF64AC27FF186400E65273 /* SceneDelegate.swift in Sources */ = {isa = PBXBuildFile; fileRef = DDBF64AB27FF186400E65273 /* SceneDelegate.swift */; };
		DDBF64B127FF186400E65273 /* Main.storyboard in Resources */ = {isa = PBXBuildFile; fileRef = DDBF64AF27FF186400E65273 /* Main.storyboard */; };
		DDBF64B327FF186500E65273 /* Assets.xcassets in Resources */ = {isa = PBXBuildFile; fileRef = DDBF64B227FF186500E65273 /* Assets.xcassets */; };
		DDBF64B627FF186500E65273 /* LaunchScreen.storyboard in Resources */ = {isa = PBXBuildFile; fileRef = DDBF64B427FF186500E65273 /* LaunchScreen.storyboard */; };
/* End PBXBuildFile section */

/* Begin PBXFileReference section */
		DD0106332800A2E50068EAFB /* ButtonStyle.swift */ = {isa = PBXFileReference; lastKnownFileType = sourcecode.swift; path = ButtonStyle.swift; sourceTree = "<group>"; };
		DD0106362800ACA40068EAFB /* ModelReview.swift */ = {isa = PBXFileReference; lastKnownFileType = sourcecode.swift; path = ModelReview.swift; sourceTree = "<group>"; };
		DD8EE5102800327F0002439F /* MainViewController.swift */ = {isa = PBXFileReference; lastKnownFileType = sourcecode.swift; path = MainViewController.swift; sourceTree = "<group>"; };
		DD8EE5142800339C0002439F /* CriticsViewController.swift */ = {isa = PBXFileReference; lastKnownFileType = sourcecode.swift; path = CriticsViewController.swift; sourceTree = "<group>"; };
		DD8EE516280053820002439F /* ReviewViewCell.swift */ = {isa = PBXFileReference; lastKnownFileType = sourcecode.swift; path = ReviewViewCell.swift; sourceTree = "<group>"; };
		DD8EE5182800551B0002439F /* StorageData.swift */ = {isa = PBXFileReference; lastKnownFileType = sourcecode.swift; path = StorageData.swift; sourceTree = "<group>"; };
		DDA8BAD72801B1BF0014BA9E /* CriticViewCell.swift */ = {isa = PBXFileReference; lastKnownFileType = sourcecode.swift; path = CriticViewCell.swift; sourceTree = "<group>"; };
		DDA8BAD92801C10A0014BA9E /* ModelCritics.swift */ = {isa = PBXFileReference; lastKnownFileType = sourcecode.swift; path = ModelCritics.swift; sourceTree = "<group>"; };
		DDA8BADC280455510014BA9E /* ProfileViewController.swift */ = {isa = PBXFileReference; lastKnownFileType = sourcecode.swift; path = ProfileViewController.swift; sourceTree = "<group>"; };
		DDA8BAE02805ECEC0014BA9E /* ProfileViewCell.swift */ = {isa = PBXFileReference; lastKnownFileType = sourcecode.swift; path = ProfileViewCell.swift; sourceTree = "<group>"; };
		DDA8BAE228061D330014BA9E /* TextFiedSearch.swift */ = {isa = PBXFileReference; lastKnownFileType = sourcecode.swift; path = TextFiedSearch.swift; sourceTree = "<group>"; };
		DDA8BAE528069FDE0014BA9E /* SearchFormate.swift */ = {isa = PBXFileReference; lastKnownFileType = sourcecode.swift; path = SearchFormate.swift; sourceTree = "<group>"; };
		DDBF64A627FF186400E65273 /* MovieReviewsApp.app */ = {isa = PBXFileReference; explicitFileType = wrapper.application; includeInIndex = 0; path = MovieReviewsApp.app; sourceTree = BUILT_PRODUCTS_DIR; };
		DDBF64A927FF186400E65273 /* AppDelegate.swift */ = {isa = PBXFileReference; lastKnownFileType = sourcecode.swift; path = AppDelegate.swift; sourceTree = "<group>"; };
		DDBF64AB27FF186400E65273 /* SceneDelegate.swift */ = {isa = PBXFileReference; lastKnownFileType = sourcecode.swift; path = SceneDelegate.swift; sourceTree = "<group>"; };
		DDBF64B027FF186400E65273 /* Base */ = {isa = PBXFileReference; lastKnownFileType = file.storyboard; name = Base; path = Base.lproj/Main.storyboard; sourceTree = "<group>"; };
		DDBF64B227FF186500E65273 /* Assets.xcassets */ = {isa = PBXFileReference; lastKnownFileType = folder.assetcatalog; path = Assets.xcassets; sourceTree = "<group>"; };
		DDBF64B527FF186500E65273 /* Base */ = {isa = PBXFileReference; lastKnownFileType = file.storyboard; name = Base; path = Base.lproj/LaunchScreen.storyboard; sourceTree = "<group>"; };
		DDBF64B727FF186500E65273 /* Info.plist */ = {isa = PBXFileReference; lastKnownFileType = text.plist.xml; path = Info.plist; sourceTree = "<group>"; };
/* End PBXFileReference section */

/* Begin PBXFrameworksBuildPhase section */
		DDBF64A327FF186400E65273 /* Frameworks */ = {
			isa = PBXFrameworksBuildPhase;
			buildActionMask = 2147483647;
			files = (
			);
			runOnlyForDeploymentPostprocessing = 0;
		};
/* End PBXFrameworksBuildPhase section */

/* Begin PBXGroup section */
		DD0106352800AC8A0068EAFB /* Models */ = {
			isa = PBXGroup;
			children = (
				DD0106362800ACA40068EAFB /* ModelReview.swift */,
				DDA8BAD92801C10A0014BA9E /* ModelCritics.swift */,
			);
			path = Models;
			sourceTree = "<group>";
		};
		DD8EE512280033730002439F /* 1 VC */ = {
			isa = PBXGroup;
			children = (
				DD8EE5102800327F0002439F /* MainViewController.swift */,
				DD8EE516280053820002439F /* ReviewViewCell.swift */,
				DDA8BAE228061D330014BA9E /* TextFiedSearch.swift */,
			);
			path = "1 VC";
			sourceTree = "<group>";
		};
		DD8EE5132800337F0002439F /* 2 VC */ = {
			isa = PBXGroup;
			children = (
				DD8EE5142800339C0002439F /* CriticsViewController.swift */,
				DDA8BAD72801B1BF0014BA9E /* CriticViewCell.swift */,
			);
			path = "2 VC";
			sourceTree = "<group>";
		};
		DDA8BADB280455270014BA9E /* 3 VC */ = {
			isa = PBXGroup;
			children = (
				DDA8BADC280455510014BA9E /* ProfileViewController.swift */,
				DDA8BAE02805ECEC0014BA9E /* ProfileViewCell.swift */,
			);
			path = "3 VC";
			sourceTree = "<group>";
		};
		DDA8BADE2804761A0014BA9E /* Network */ = {
			isa = PBXGroup;
			children = (
				DD8EE5182800551B0002439F /* StorageData.swift */,
			);
			path = Network;
			sourceTree = "<group>";
		};
		DDA8BAE428069FB20014BA9E /* Helper */ = {
			isa = PBXGroup;
			children = (
				DD0106332800A2E50068EAFB /* ButtonStyle.swift */,
				DDA8BAE528069FDE0014BA9E /* SearchFormate.swift */,
			);
			path = Helper;
			sourceTree = "<group>";
		};
		DDBF649D27FF186400E65273 = {
			isa = PBXGroup;
			children = (
				DDBF64A827FF186400E65273 /* MovieReviewsApp */,
				DDBF64A727FF186400E65273 /* Products */,
			);
			sourceTree = "<group>";
		};
		DDBF64A727FF186400E65273 /* Products */ = {
			isa = PBXGroup;
			children = (
				DDBF64A627FF186400E65273 /* MovieReviewsApp.app */,
			);
			name = Products;
			sourceTree = "<group>";
		};
		DDBF64A827FF186400E65273 /* MovieReviewsApp */ = {
			isa = PBXGroup;
			children = (
				DDBF64BF27FF190B00E65273 /* Source */,
				DD0106352800AC8A0068EAFB /* Models */,
				DDBF64BE27FF188A00E65273 /* View Controllers */,
				DDA8BADE2804761A0014BA9E /* Network */,
				DDA8BAE428069FB20014BA9E /* Helper */,
				DDBF64BD27FF187E00E65273 /* Storyboard */,
			);
			path = MovieReviewsApp;
			sourceTree = "<group>";
		};
		DDBF64BD27FF187E00E65273 /* Storyboard */ = {
			isa = PBXGroup;
			children = (
				DDBF64AF27FF186400E65273 /* Main.storyboard */,
				DDBF64B427FF186500E65273 /* LaunchScreen.storyboard */,
			);
			path = Storyboard;
			sourceTree = "<group>";
		};
		DDBF64BE27FF188A00E65273 /* View Controllers */ = {
			isa = PBXGroup;
			children = (
				DD8EE512280033730002439F /* 1 VC */,
				DD8EE5132800337F0002439F /* 2 VC */,
				DDA8BADB280455270014BA9E /* 3 VC */,
			);
			path = "View Controllers";
			sourceTree = "<group>";
		};
		DDBF64BF27FF190B00E65273 /* Source */ = {
			isa = PBXGroup;
			children = (
				DDBF64A927FF186400E65273 /* AppDelegate.swift */,
				DDBF64AB27FF186400E65273 /* SceneDelegate.swift */,
				DDBF64B227FF186500E65273 /* Assets.xcassets */,
				DDBF64B727FF186500E65273 /* Info.plist */,
			);
			path = Source;
			sourceTree = "<group>";
		};
/* End PBXGroup section */

/* Begin PBXNativeTarget section */
		DDBF64A527FF186400E65273 /* MovieReviewsApp */ = {
			isa = PBXNativeTarget;
			buildConfigurationList = DDBF64BA27FF186500E65273 /* Build configuration list for PBXNativeTarget "MovieReviewsApp" */;
			buildPhases = (
				DDBF64A227FF186400E65273 /* Sources */,
				DDBF64A327FF186400E65273 /* Frameworks */,
				DDBF64A427FF186400E65273 /* Resources */,
			);
			buildRules = (
			);
			dependencies = (
			);
			name = MovieReviewsApp;
			productName = MovieReviewsApp;
			productReference = DDBF64A627FF186400E65273 /* MovieReviewsApp.app */;
			productType = "com.apple.product-type.application";
		};
/* End PBXNativeTarget section */

/* Begin PBXProject section */
		DDBF649E27FF186400E65273 /* Project object */ = {
			isa = PBXProject;
			attributes = {
				BuildIndependentTargetsInParallel = 1;
				LastSwiftUpdateCheck = 1330;
				LastUpgradeCheck = 1330;
				TargetAttributes = {
					DDBF64A527FF186400E65273 = {
						CreatedOnToolsVersion = 13.3;
					};
				};
			};
			buildConfigurationList = DDBF64A127FF186400E65273 /* Build configuration list for PBXProject "MovieReviewsApp" */;
			compatibilityVersion = "Xcode 13.0";
			developmentRegion = en;
			hasScannedForEncodings = 0;
			knownRegions = (
				en,
				Base,
			);
			mainGroup = DDBF649D27FF186400E65273;
			productRefGroup = DDBF64A727FF186400E65273 /* Products */;
			projectDirPath = "";
			projectRoot = "";
			targets = (
				DDBF64A527FF186400E65273 /* MovieReviewsApp */,
			);
		};
/* End PBXProject section */

/* Begin PBXResourcesBuildPhase section */
		DDBF64A427FF186400E65273 /* Resources */ = {
			isa = PBXResourcesBuildPhase;
			buildActionMask = 2147483647;
			files = (
				DDBF64B627FF186500E65273 /* LaunchScreen.storyboard in Resources */,
				DDBF64B327FF186500E65273 /* Assets.xcassets in Resources */,
				DDBF64B127FF186400E65273 /* Main.storyboard in Resources */,
			);
			runOnlyForDeploymentPostprocessing = 0;
		};
/* End PBXResourcesBuildPhase section */

/* Begin PBXSourcesBuildPhase section */
		DDBF64A227FF186400E65273 /* Sources */ = {
			isa = PBXSourcesBuildPhase;
			buildActionMask = 2147483647;
			files = (
				DDA8BAE12805ECEC0014BA9E /* ProfileViewCell.swift in Sources */,
				DD8EE5152800339C0002439F /* CriticsViewController.swift in Sources */,
				DDBF64AA27FF186400E65273 /* AppDelegate.swift in Sources */,
				DDBF64AC27FF186400E65273 /* SceneDelegate.swift in Sources */,
				DD8EE5192800551B0002439F /* StorageData.swift in Sources */,
				DD8EE5112800327F0002439F /* MainViewController.swift in Sources */,
				DDA8BAD82801B1BF0014BA9E /* CriticViewCell.swift in Sources */,
				DDA8BAE328061D330014BA9E /* TextFiedSearch.swift in Sources */,
				DDA8BADD280455510014BA9E /* ProfileViewController.swift in Sources */,
				DD0106372800ACA40068EAFB /* ModelReview.swift in Sources */,
				DD8EE517280053820002439F /* ReviewViewCell.swift in Sources */,
				DD0106342800A2E50068EAFB /* ButtonStyle.swift in Sources */,
				DDA8BAE628069FDE0014BA9E /* SearchFormate.swift in Sources */,
				DDA8BADA2801C10A0014BA9E /* ModelCritics.swift in Sources */,
			);
			runOnlyForDeploymentPostprocessing = 0;
		};
/* End PBXSourcesBuildPhase section */

/* Begin PBXVariantGroup section */
		DDBF64AF27FF186400E65273 /* Main.storyboard */ = {
			isa = PBXVariantGroup;
			children = (
				DDBF64B027FF186400E65273 /* Base */,
			);
			name = Main.storyboard;
			sourceTree = "<group>";
		};
		DDBF64B427FF186500E65273 /* LaunchScreen.storyboard */ = {
			isa = PBXVariantGroup;
			children = (
				DDBF64B527FF186500E65273 /* Base */,
			);
			name = LaunchScreen.storyboard;
			sourceTree = "<group>";
		};
/* End PBXVariantGroup section */

/* Begin XCBuildConfiguration section */
		DDBF64B827FF186500E65273 /* Debug */ = {
			isa = XCBuildConfiguration;
			buildSettings = {
				ALWAYS_SEARCH_USER_PATHS = NO;
				CLANG_ANALYZER_NONNULL = YES;
				CLANG_ANALYZER_NUMBER_OBJECT_CONVERSION = YES_AGGRESSIVE;
				CLANG_CXX_LANGUAGE_STANDARD = "gnu++17";
				CLANG_ENABLE_MODULES = YES;
				CLANG_ENABLE_OBJC_ARC = YES;
				CLANG_ENABLE_OBJC_WEAK = YES;
				CLANG_WARN_BLOCK_CAPTURE_AUTORELEASING = YES;
				CLANG_WARN_BOOL_CONVERSION = YES;
				CLANG_WARN_COMMA = YES;
				CLANG_WARN_CONSTANT_CONVERSION = YES;
				CLANG_WARN_DEPRECATED_OBJC_IMPLEMENTATIONS = YES;
				CLANG_WARN_DIRECT_OBJC_ISA_USAGE = YES_ERROR;
				CLANG_WARN_DOCUMENTATION_COMMENTS = YES;
				CLANG_WARN_EMPTY_BODY = YES;
				CLANG_WARN_ENUM_CONVERSION = YES;
				CLANG_WARN_INFINITE_RECURSION = YES;
				CLANG_WARN_INT_CONVERSION = YES;
				CLANG_WARN_NON_LITERAL_NULL_CONVERSION = YES;
				CLANG_WARN_OBJC_IMPLICIT_RETAIN_SELF = YES;
				CLANG_WARN_OBJC_LITERAL_CONVERSION = YES;
				CLANG_WARN_OBJC_ROOT_CLASS = YES_ERROR;
				CLANG_WARN_QUOTED_INCLUDE_IN_FRAMEWORK_HEADER = YES;
				CLANG_WARN_RANGE_LOOP_ANALYSIS = YES;
				CLANG_WARN_STRICT_PROTOTYPES = YES;
				CLANG_WARN_SUSPICIOUS_MOVE = YES;
				CLANG_WARN_UNGUARDED_AVAILABILITY = YES_AGGRESSIVE;
				CLANG_WARN_UNREACHABLE_CODE = YES;
				CLANG_WARN__DUPLICATE_METHOD_MATCH = YES;
				COPY_PHASE_STRIP = NO;
				DEBUG_INFORMATION_FORMAT = dwarf;
				ENABLE_STRICT_OBJC_MSGSEND = YES;
				ENABLE_TESTABILITY = YES;
				GCC_C_LANGUAGE_STANDARD = gnu11;
				GCC_DYNAMIC_NO_PIC = NO;
				GCC_NO_COMMON_BLOCKS = YES;
				GCC_OPTIMIZATION_LEVEL = 0;
				GCC_PREPROCESSOR_DEFINITIONS = (
					"DEBUG=1",
					"$(inherited)",
				);
				GCC_WARN_64_TO_32_BIT_CONVERSION = YES;
				GCC_WARN_ABOUT_RETURN_TYPE = YES_ERROR;
				GCC_WARN_UNDECLARED_SELECTOR = YES;
				GCC_WARN_UNINITIALIZED_AUTOS = YES_AGGRESSIVE;
				GCC_WARN_UNUSED_FUNCTION = YES;
				GCC_WARN_UNUSED_VARIABLE = YES;
				IPHONEOS_DEPLOYMENT_TARGET = 15.4;
				MTL_ENABLE_DEBUG_INFO = INCLUDE_SOURCE;
				MTL_FAST_MATH = YES;
				ONLY_ACTIVE_ARCH = YES;
				SDKROOT = iphoneos;
				SWIFT_ACTIVE_COMPILATION_CONDITIONS = DEBUG;
				SWIFT_OPTIMIZATION_LEVEL = "-Onone";
			};
			name = Debug;
		};
		DDBF64B927FF186500E65273 /* Release */ = {
			isa = XCBuildConfiguration;
			buildSettings = {
				ALWAYS_SEARCH_USER_PATHS = NO;
				CLANG_ANALYZER_NONNULL = YES;
				CLANG_ANALYZER_NUMBER_OBJECT_CONVERSION = YES_AGGRESSIVE;
				CLANG_CXX_LANGUAGE_STANDARD = "gnu++17";
				CLANG_ENABLE_MODULES = YES;
				CLANG_ENABLE_OBJC_ARC = YES;
				CLANG_ENABLE_OBJC_WEAK = YES;
				CLANG_WARN_BLOCK_CAPTURE_AUTORELEASING = YES;
				CLANG_WARN_BOOL_CONVERSION = YES;
				CLANG_WARN_COMMA = YES;
				CLANG_WARN_CONSTANT_CONVERSION = YES;
				CLANG_WARN_DEPRECATED_OBJC_IMPLEMENTATIONS = YES;
				CLANG_WARN_DIRECT_OBJC_ISA_USAGE = YES_ERROR;
				CLANG_WARN_DOCUMENTATION_COMMENTS = YES;
				CLANG_WARN_EMPTY_BODY = YES;
				CLANG_WARN_ENUM_CONVERSION = YES;
				CLANG_WARN_INFINITE_RECURSION = YES;
				CLANG_WARN_INT_CONVERSION = YES;
				CLANG_WARN_NON_LITERAL_NULL_CONVERSION = YES;
				CLANG_WARN_OBJC_IMPLICIT_RETAIN_SELF = YES;
				CLANG_WARN_OBJC_LITERAL_CONVERSION = YES;
				CLANG_WARN_OBJC_ROOT_CLASS = YES_ERROR;
				CLANG_WARN_QUOTED_INCLUDE_IN_FRAMEWORK_HEADER = YES;
				CLANG_WARN_RANGE_LOOP_ANALYSIS = YES;
				CLANG_WARN_STRICT_PROTOTYPES = YES;
				CLANG_WARN_SUSPICIOUS_MOVE = YES;
				CLANG_WARN_UNGUARDED_AVAILABILITY = YES_AGGRESSIVE;
				CLANG_WARN_UNREACHABLE_CODE = YES;
				CLANG_WARN__DUPLICATE_METHOD_MATCH = YES;
				COPY_PHASE_STRIP = NO;
				DEBUG_INFORMATION_FORMAT = "dwarf-with-dsym";
				ENABLE_NS_ASSERTIONS = NO;
				ENABLE_STRICT_OBJC_MSGSEND = YES;
				GCC_C_LANGUAGE_STANDARD = gnu11;
				GCC_NO_COMMON_BLOCKS = YES;
				GCC_WARN_64_TO_32_BIT_CONVERSION = YES;
				GCC_WARN_ABOUT_RETURN_TYPE = YES_ERROR;
				GCC_WARN_UNDECLARED_SELECTOR = YES;
				GCC_WARN_UNINITIALIZED_AUTOS = YES_AGGRESSIVE;
				GCC_WARN_UNUSED_FUNCTION = YES;
				GCC_WARN_UNUSED_VARIABLE = YES;
				IPHONEOS_DEPLOYMENT_TARGET = 15.4;
				MTL_ENABLE_DEBUG_INFO = NO;
				MTL_FAST_MATH = YES;
				SDKROOT = iphoneos;
				SWIFT_COMPILATION_MODE = wholemodule;
				SWIFT_OPTIMIZATION_LEVEL = "-O";
				VALIDATE_PRODUCT = YES;
			};
			name = Release;
		};
		DDBF64BB27FF186500E65273 /* Debug */ = {
			isa = XCBuildConfiguration;
			buildSettings = {
				ASSETCATALOG_COMPILER_APPICON_NAME = AppIcon;
				ASSETCATALOG_COMPILER_GLOBAL_ACCENT_COLOR_NAME = AccentColor;
				CODE_SIGN_STYLE = Automatic;
				CURRENT_PROJECT_VERSION = 1;
				DEVELOPMENT_TEAM = BN87K5QK52;
				GENERATE_INFOPLIST_FILE = YES;
				INFOPLIST_FILE = MovieReviewsApp/Source/Info.plist;
				INFOPLIST_KEY_UIApplicationSupportsIndirectInputEvents = YES;
				INFOPLIST_KEY_UILaunchStoryboardName = LaunchScreen;
				INFOPLIST_KEY_UIMainStoryboardFile = Main;
				INFOPLIST_KEY_UISupportedInterfaceOrientations_iPad = "UIInterfaceOrientationPortrait UIInterfaceOrientationPortraitUpsideDown UIInterfaceOrientationLandscapeLeft UIInterfaceOrientationLandscapeRight";
				INFOPLIST_KEY_UISupportedInterfaceOrientations_iPhone = "UIInterfaceOrientationPortrait UIInterfaceOrientationLandscapeLeft UIInterfaceOrientationLandscapeRight";
				LD_RUNPATH_SEARCH_PATHS = (
					"$(inherited)",
					"@executable_path/Frameworks",
				);
				MARKETING_VERSION = 1.0;
				PRODUCT_BUNDLE_IDENTIFIER = HG.MovieReviewsApp;
				PRODUCT_NAME = "$(TARGET_NAME)";
				SWIFT_EMIT_LOC_STRINGS = YES;
				SWIFT_VERSION = 5.0;
				TARGETED_DEVICE_FAMILY = "1,2";
			};
			name = Debug;
		};
		DDBF64BC27FF186500E65273 /* Release */ = {
			isa = XCBuildConfiguration;
			buildSettings = {
				ASSETCATALOG_COMPILER_APPICON_NAME = AppIcon;
				ASSETCATALOG_COMPILER_GLOBAL_ACCENT_COLOR_NAME = AccentColor;
				CODE_SIGN_STYLE = Automatic;
				CURRENT_PROJECT_VERSION = 1;
				DEVELOPMENT_TEAM = BN87K5QK52;
				GENERATE_INFOPLIST_FILE = YES;
				INFOPLIST_FILE = MovieReviewsApp/Source/Info.plist;
				INFOPLIST_KEY_UIApplicationSupportsIndirectInputEvents = YES;
				INFOPLIST_KEY_UILaunchStoryboardName = LaunchScreen;
				INFOPLIST_KEY_UIMainStoryboardFile = Main;
				INFOPLIST_KEY_UISupportedInterfaceOrientations_iPad = "UIInterfaceOrientationPortrait UIInterfaceOrientationPortraitUpsideDown UIInterfaceOrientationLandscapeLeft UIInterfaceOrientationLandscapeRight";
				INFOPLIST_KEY_UISupportedInterfaceOrientations_iPhone = "UIInterfaceOrientationPortrait UIInterfaceOrientationLandscapeLeft UIInterfaceOrientationLandscapeRight";
				LD_RUNPATH_SEARCH_PATHS = (
					"$(inherited)",
					"@executable_path/Frameworks",
				);
				MARKETING_VERSION = 1.0;
				PRODUCT_BUNDLE_IDENTIFIER = HG.MovieReviewsApp;
				PRODUCT_NAME = "$(TARGET_NAME)";
				SWIFT_EMIT_LOC_STRINGS = YES;
				SWIFT_VERSION = 5.0;
				TARGETED_DEVICE_FAMILY = "1,2";
			};
			name = Release;
		};
/* End XCBuildConfiguration section */

/* Begin XCConfigurationList section */
		DDBF64A127FF186400E65273 /* Build configuration list for PBXProject "MovieReviewsApp" */ = {
			isa = XCConfigurationList;
			buildConfigurations = (
				DDBF64B827FF186500E65273 /* Debug */,
				DDBF64B927FF186500E65273 /* Release */,
			);
			defaultConfigurationIsVisible = 0;
			defaultConfigurationName = Release;
		};
		DDBF64BA27FF186500E65273 /* Build configuration list for PBXNativeTarget "MovieReviewsApp" */ = {
			isa = XCConfigurationList;
			buildConfigurations = (
				DDBF64BB27FF186500E65273 /* Debug */,
				DDBF64BC27FF186500E65273 /* Release */,
			);
			defaultConfigurationIsVisible = 0;
			defaultConfigurationName = Release;
		};
/* End XCConfigurationList section */
	};
	rootObject = DDBF649E27FF186400E65273 /* Project object */;
}
